# This file is autogenerated, do not edit; changes may be undone by the next 'dep ensure'.


[[projects]]
  branch = "master"
  name = "github.com/dchest/safefile"
  packages = ["."]
  revision = "855e8d98f1852d48dde521e0522408d1fe7e836a"

[[projects]]
  name = "github.com/kevinburke/ssh_config"
  packages = ["."]
  revision = "9fc7bb800b555d63157c65a904c86a2cc7b4e795"
  version = "0.4"

[[projects]]
  name = "github.com/pelletier/go-buffruneio"
  packages = ["."]
  revision = "c37440a7cf42ac63b919c752ca73a85067e05992"
  version = "v0.2.0"

[solve-meta]
  analyzer-name = "dep"
  analyzer-version = 1
  inputs-digest = "aa039430429b991262f55c70ff25933d9269761bac4cf52b71b8f66a77e2f58e"
  solver-name = "gps-cdcl"
  solver-version = 1
